
Microsoft Visual Studio Solution File, Format Version 12.00
# Visual Studio 15
VisualStudioVersion = 15.0.26730.3
MinimumVisualStudioVersion = 10.0.40219.1
Project("{FAE04EC0-301F-11D3-BF4B-00C04F79EFBC}") = "FastFood", "FastFood\FastFood.csproj", "{84D95F64-1103-4E4E-8216-76BF130D4D28}"
EndProject
Project("{FAE04EC0-301F-11D3-BF4B-00C04F79EFBC}") = "DTO", "DTO\DTO.csproj", "{C80C2A90-07D0-4FE0-A49B-4EB402B272B5}"
EndProject
Project("{FAE04EC0-301F-11D3-BF4B-00C04F79EFBC}") = "DAO", "DAO\DAO.csproj", "{CDFD479A-97D6-430F-833B-4A5C7CA658A8}"
EndProject
Project("{FAE04EC0-301F-11D3-BF4B-00C04F79EFBC}") = "BUS", "BUS\BUS.csproj", "{3E50F134-FFAA-43E2-871D-6B3B8E485150}"
EndProject
Global
	GlobalSection(SolutionConfigurationPlatforms) = preSolution
		Debug|Any CPU = Debug|Any CPU
		Release|Any CPU = Release|Any CPU
	EndGlobalSection
	GlobalSection(ProjectConfigurationPlatforms) = postSolution
		{84D95F64-1103-4E4E-8216-76BF130D4D28}.Debug|Any CPU.ActiveCfg = Debug|Any CPU
		{84D95F64-1103-4E4E-8216-76BF130D4D28}.Debug|Any CPU.Build.0 = Debug|Any CPU
		{84D95F64-1103-4E4E-8216-76BF130D4D28}.Release|Any CPU.ActiveCfg = Release|Any CPU
		{84D95F64-1103-4E4E-8216-76BF130D4D28}.Release|Any CPU.Build.0 = Release|Any CPU
		{C80C2A90-07D0-4FE0-A49B-4EB402B272B5}.Debug|Any CPU.ActiveCfg = Debug|Any CPU
		{C80C2A90-07D0-4FE0-A49B-4EB402B272B5}.Debug|Any CPU.Build.0 = Debug|Any CPU
		{C80C2A90-07D0-4FE0-A49B-4EB402B272B5}.Release|Any CPU.ActiveCfg = Release|Any CPU
		{C80C2A90-07D0-4FE0-A49B-4EB402B272B5}.Release|Any CPU.Build.0 = Release|Any CPU
		{CDFD479A-97D6-430F-833B-4A5C7CA658A8}.Debug|Any CPU.ActiveCfg = Debug|Any CPU
		{CDFD479A-97D6-430F-833B-4A5C7CA658A8}.Debug|Any CPU.Build.0 = Debug|Any CPU
		{CDFD479A-97D6-430F-833B-4A5C7CA658A8}.Release|Any CPU.ActiveCfg = Release|Any CPU
		{CDFD479A-97D6-430F-833B-4A5C7CA658A8}.Release|Any CPU.Build.0 = Release|Any CPU
		{3E50F134-FFAA-43E2-871D-6B3B8E485150}.Debug|Any CPU.ActiveCfg = Debug|Any CPU
		{3E50F134-FFAA-43E2-871D-6B3B8E485150}.Debug|Any CPU.Build.0 = Debug|Any CPU
		{3E50F134-FFAA-43E2-871D-6B3B8E485150}.Release|Any CPU.ActiveCfg = Release|Any CPU
		{3E50F134-FFAA-43E2-871D-6B3B8E485150}.Release|Any CPU.Build.0 = Release|Any CPU
	EndGlobalSection
	GlobalSection(SolutionProperties) = preSolution
		HideSolutionNode = FALSE
	EndGlobalSection
	GlobalSection(ExtensibilityGlobals) = postSolution
		SolutionGuid = {73B99426-DDF1-4A07-A03A-49A80977F8B2}
	EndGlobalSection
EndGlobal
